// !$*UTF8*$!
{
	archiveVersion = 1;
	classes = {
	};
	objectVersion = 56;
	objects = {

/* Begin PBXBuildFile section */
		3FBD308F2DB5221400E1F801 /* imgcodec.cpp in Sources */ = {isa = PBXBuildFile; fileRef = 3FBD307C2DB5221400E1F801 /* imgcodec.cpp */; };
		3FBD30902DB5221400E1F801 /* functions.cpp in Sources */ = {isa = PBXBuildFile; fileRef = 3FBD30782DB5221400E1F801 /* functions.cpp */; };
		3FBD30912DB5221400E1F801 /* octree.cpp in Sources */ = {isa = PBXBuildFile; fileRef = 3FBD30842DB5221400E1F801 /* octree.cpp */; };
		3FBD30922DB5221400E1F801 /* color.cpp in Sources */ = {isa = PBXBuildFile; fileRef = 3FBD30762DB5221400E1F801 /* color.cpp */; };
		3FBD30932DB5221400E1F801 /* boxtree.cpp in Sources */ = {isa = PBXBuildFile; fileRef = 3FBD30742DB5221400E1F801 /* boxtree.cpp */; };
		3FBD30942DB5221400E1F801 /* types3d.cpp in Sources */ = {isa = PBXBuildFile; fileRef = 3FBD308A2DB5221400E1F801 /* types3d.cpp */; };
		3FBD30952DB5221400E1F801 /* kdtree.cpp in Sources */ = {isa = PBXBuildFile; fileRef = 3FBD30802DB5221400E1F801 /* kdtree.cpp */; };
		3FBD30962DB5221400E1F801 /* matrix.cpp in Sources */ = {isa = PBXBuildFile; fileRef = 3FBD30822DB5221400E1F801 /* matrix.cpp */; };
		3FBD30972DB5221400E1F801 /* types2d.cpp in Sources */ = {isa = PBXBuildFile; fileRef = 3FBD30882DB5221400E1F801 /* types2d.cpp */; };
		3FBD30982DB5221400E1F801 /* spacetree.cpp in Sources */ = {isa = PBXBuildFile; fileRef = 3FBD30862DB5221400E1F801 /* spacetree.cpp */; };
		3FBD30992DB5221400E1F801 /* imgfilter.cpp in Sources */ = {isa = PBXBuildFile; fileRef = 3FBD307E2DB5221400E1F801 /* imgfilter.cpp */; };
		3FBD309A2DB5221400E1F801 /* vector.cpp in Sources */ = {isa = PBXBuildFile; fileRef = 3FBD308D2DB5221400E1F801 /* vector.cpp */; };
		3FBD309B2DB5221400E1F801 /* image.cpp in Sources */ = {isa = PBXBuildFile; fileRef = 3FBD307A2DB5221400E1F801 /* image.cpp */; };
		3FC0BDA42C9203FE00FC5F49 /* Cocoa.framework in Frameworks */ = {isa = PBXBuildFile; fileRef = 3FC0BDA32C9203FE00FC5F49 /* Cocoa.framework */; };
		3FC0BDAC2C9204A600FC5F49 /* libucm.a in Frameworks */ = {isa = PBXBuildFile; fileRef = 3FC0BDA82C92048300FC5F49 /* libucm.a */; };
		3FC0BDAE2C92053200FC5F49 /* libjpeg.a in Frameworks */ = {isa = PBXBuildFile; fileRef = 3FC0BDAB2C92048300FC5F49 /* libjpeg.a */; };
		3FC0BDAF2C92053F00FC5F49 /* libz.a in Frameworks */ = {isa = PBXBuildFile; fileRef = 3FC0BDA52C92048300FC5F49 /* libz.a */; };
		3FC0BDB02C92054B00FC5F49 /* libpng.a in Frameworks */ = {isa = PBXBuildFile; fileRef = 3FC0BDA92C92048300FC5F49 /* libpng.a */; };
		3FC0BE0C2C92807700FC5F49 /* bakerenderer.cpp in Sources */ = {isa = PBXBuildFile; fileRef = 3FC0BDE82C92807700FC5F49 /* bakerenderer.cpp */; };
		3FC0BE0D2C92807700FC5F49 /* bsdf.cpp in Sources */ = {isa = PBXBuildFile; fileRef = 3FC0BDEA2C92807700FC5F49 /* bsdf.cpp */; };
		3FC0BE0E2C92807700FC5F49 /* cubetex.cpp in Sources */ = {isa = PBXBuildFile; fileRef = 3FC0BDEC2C92807700FC5F49 /* cubetex.cpp */; };
		3FC0BE0F2C92807700FC5F49 /* fbxloader.cpp in Sources */ = {isa = PBXBuildFile; fileRef = 3FC0BDEE2C92807700FC5F49 /* fbxloader.cpp */; };
		3FC0BE102C92807700FC5F49 /* lambert.cpp in Sources */ = {isa = PBXBuildFile; fileRef = 3FC0BDF02C92807700FC5F49 /* lambert.cpp */; };
		3FC0BE112C92807700FC5F49 /* material.cpp in Sources */ = {isa = PBXBuildFile; fileRef = 3FC0BDF22C92807700FC5F49 /* material.cpp */; };
		3FC0BE122C92807700FC5F49 /* mesh.cpp in Sources */ = {isa = PBXBuildFile; fileRef = 3FC0BDF42C92807700FC5F49 /* mesh.cpp */; };
		3FC0BE132C92807700FC5F49 /* meshloader.cpp in Sources */ = {isa = PBXBuildFile; fileRef = 3FC0BDF62C92807700FC5F49 /* meshloader.cpp */; };
		3FC0BE142C92807700FC5F49 /* objreader.cpp in Sources */ = {isa = PBXBuildFile; fileRef = 3FC0BDF82C92807700FC5F49 /* objreader.cpp */; };
		3FC0BE152C92807700FC5F49 /* objwriter.cpp in Sources */ = {isa = PBXBuildFile; fileRef = 3FC0BDFA2C92807700FC5F49 /* objwriter.cpp */; };
		3FC0BE162C92807700FC5F49 /* polygons.cpp in Sources */ = {isa = PBXBuildFile; fileRef = 3FC0BDFC2C92807700FC5F49 /* polygons.cpp */; };
		3FC0BE172C92807700FC5F49 /* raycommon.cpp in Sources */ = {isa = PBXBuildFile; fileRef = 3FC0BDFE2C92807700FC5F49 /* raycommon.cpp */; };
		3FC0BE182C92807700FC5F49 /* rayrenderer.cpp in Sources */ = {isa = PBXBuildFile; fileRef = 3FC0BE002C92807700FC5F49 /* rayrenderer.cpp */; };
		3FC0BE192C92807700FC5F49 /* renderer.cpp in Sources */ = {isa = PBXBuildFile; fileRef = 3FC0BE022C92807700FC5F49 /* renderer.cpp */; };
		3FC0BE1A2C92807700FC5F49 /* scene.cpp in Sources */ = {isa = PBXBuildFile; fileRef = 3FC0BE042C92807700FC5F49 /* scene.cpp */; };
		3FC0BE1B2C92807700FC5F49 /* sceneloader.cpp in Sources */ = {isa = PBXBuildFile; fileRef = 3FC0BE062C92807700FC5F49 /* sceneloader.cpp */; };
		3FC0BE1C2C92807700FC5F49 /* texture.cpp in Sources */ = {isa = PBXBuildFile; fileRef = 3FC0BE082C92807700FC5F49 /* texture.cpp */; };
		3FC0BE1D2C92807700FC5F49 /* main.cpp in Sources */ = {isa = PBXBuildFile; fileRef = 3FC0BE0B2C92807700FC5F49 /* main.cpp */; };
/* End PBXBuildFile section */

/* Begin PBXCopyFilesBuildPhase section */
		3FC0BD2A2C9201D700FC5F49 /* CopyFiles */ = {
			isa = PBXCopyFilesBuildPhase;
			buildActionMask = 2147483647;
			dstPath = /usr/share/man/man1/;
			dstSubfolderSpec = 0;
			files = (
			);
			runOnlyForDeploymentPostprocessing = 1;
		};
/* End PBXCopyFilesBuildPhase section */

/* Begin PBXFileReference section */
		3FBD30722DB5221400E1F801 /* basefun.h */ = {isa = PBXFileReference; lastKnownFileType = sourcecode.c.h; path = basefun.h; sourceTree = "<group>"; };
		3FBD30732DB5221400E1F801 /* boxtree.h */ = {isa = PBXFileReference; lastKnownFileType = sourcecode.c.h; path = boxtree.h; sourceTree = "<group>"; };
		3FBD30742DB5221400E1F801 /* boxtree.cpp */ = {isa = PBXFileReference; lastKnownFileType = sourcecode.cpp.cpp; path = boxtree.cpp; sourceTree = "<group>"; };
		3FBD30752DB5221400E1F801 /* color.h */ = {isa = PBXFileReference; lastKnownFileType = sourcecode.c.h; path = color.h; sourceTree = "<group>"; };
		3FBD30762DB5221400E1F801 /* color.cpp */ = {isa = PBXFileReference; lastKnownFileType = sourcecode.cpp.cpp; path = color.cpp; sourceTree = "<group>"; };
		3FBD30772DB5221400E1F801 /* functions.h */ = {isa = PBXFileReference; lastKnownFileType = sourcecode.c.h; path = functions.h; sourceTree = "<group>"; };
		3FBD30782DB5221400E1F801 /* functions.cpp */ = {isa = PBXFileReference; lastKnownFileType = sourcecode.cpp.cpp; path = functions.cpp; sourceTree = "<group>"; };
		3FBD30792DB5221400E1F801 /* image.h */ = {isa = PBXFileReference; lastKnownFileType = sourcecode.c.h; path = image.h; sourceTree = "<group>"; };
		3FBD307A2DB5221400E1F801 /* image.cpp */ = {isa = PBXFileReference; lastKnownFileType = sourcecode.cpp.cpp; path = image.cpp; sourceTree = "<group>"; };
		3FBD307B2DB5221400E1F801 /* imgcodec.h */ = {isa = PBXFileReference; lastKnownFileType = sourcecode.c.h; path = imgcodec.h; sourceTree = "<group>"; };
		3FBD307C2DB5221400E1F801 /* imgcodec.cpp */ = {isa = PBXFileReference; lastKnownFileType = sourcecode.cpp.cpp; path = imgcodec.cpp; sourceTree = "<group>"; };
		3FBD307D2DB5221400E1F801 /* imgfilter.h */ = {isa = PBXFileReference; lastKnownFileType = sourcecode.c.h; path = imgfilter.h; sourceTree = "<group>"; };
		3FBD307E2DB5221400E1F801 /* imgfilter.cpp */ = {isa = PBXFileReference; lastKnownFileType = sourcecode.cpp.cpp; path = imgfilter.cpp; sourceTree = "<group>"; };
		3FBD307F2DB5221400E1F801 /* kdtree.h */ = {isa = PBXFileReference; lastKnownFileType = sourcecode.c.h; path = kdtree.h; sourceTree = "<group>"; };
		3FBD30802DB5221400E1F801 /* kdtree.cpp */ = {isa = PBXFileReference; lastKnownFileType = sourcecode.cpp.cpp; path = kdtree.cpp; sourceTree = "<group>"; };
		3FBD30812DB5221400E1F801 /* matrix.h */ = {isa = PBXFileReference; lastKnownFileType = sourcecode.c.h; path = matrix.h; sourceTree = "<group>"; };
		3FBD30822DB5221400E1F801 /* matrix.cpp */ = {isa = PBXFileReference; lastKnownFileType = sourcecode.cpp.cpp; path = matrix.cpp; sourceTree = "<group>"; };
		3FBD30832DB5221400E1F801 /* octree.h */ = {isa = PBXFileReference; lastKnownFileType = sourcecode.c.h; path = octree.h; sourceTree = "<group>"; };
		3FBD30842DB5221400E1F801 /* octree.cpp */ = {isa = PBXFileReference; lastKnownFileType = sourcecode.cpp.cpp; path = octree.cpp; sourceTree = "<group>"; };
		3FBD30852DB5221400E1F801 /* spacetree.h */ = {isa = PBXFileReference; lastKnownFileType = sourcecode.c.h; path = spacetree.h; sourceTree = "<group>"; };
		3FBD30862DB5221400E1F801 /* spacetree.cpp */ = {isa = PBXFileReference; lastKnownFileType = sourcecode.cpp.cpp; path = spacetree.cpp; sourceTree = "<group>"; };
		3FBD30872DB5221400E1F801 /* types2d.h */ = {isa = PBXFileReference; lastKnownFileType = sourcecode.c.h; path = types2d.h; sourceTree = "<group>"; };
		3FBD30882DB5221400E1F801 /* types2d.cpp */ = {isa = PBXFileReference; lastKnownFileType = sourcecode.cpp.cpp; path = types2d.cpp; sourceTree = "<group>"; };
		3FBD30892DB5221400E1F801 /* types3d.h */ = {isa = PBXFileReference; lastKnownFileType = sourcecode.c.h; path = types3d.h; sourceTree = "<group>"; };
		3FBD308A2DB5221400E1F801 /* types3d.cpp */ = {isa = PBXFileReference; lastKnownFileType = sourcecode.cpp.cpp; path = types3d.cpp; sourceTree = "<group>"; };
		3FBD308B2DB5221400E1F801 /* ugm.h */ = {isa = PBXFileReference; lastKnownFileType = sourcecode.c.h; path = ugm.h; sourceTree = "<group>"; };
		3FBD308C2DB5221400E1F801 /* vector.h */ = {isa = PBXFileReference; lastKnownFileType = sourcecode.c.h; path = vector.h; sourceTree = "<group>"; };
		3FBD308D2DB5221400E1F801 /* vector.cpp */ = {isa = PBXFileReference; lastKnownFileType = sourcecode.cpp.cpp; path = vector.cpp; sourceTree = "<group>"; };
		3FC0BD2C2C9201D700FC5F49 /* raygen */ = {isa = PBXFileReference; explicitFileType = "compiled.mach-o.executable"; includeInIndex = 0; path = raygen; sourceTree = BUILT_PRODUCTS_DIR; };
		3FC0BDA32C9203FE00FC5F49 /* Cocoa.framework */ = {isa = PBXFileReference; lastKnownFileType = wrapper.framework; name = Cocoa.framework; path = System/Library/Frameworks/Cocoa.framework; sourceTree = SDKROOT; };
		3FC0BDA52C92048300FC5F49 /* libz.a */ = {isa = PBXFileReference; lastKnownFileType = archive.ar; name = libz.a; path = "../../lib/mac-m/libz.a"; sourceTree = "<group>"; };
		3FC0BDA72C92048300FC5F49 /* libfbxsdk.a */ = {isa = PBXFileReference; lastKnownFileType = archive.ar; name = libfbxsdk.a; path = "../../lib/mac-m/libfbxsdk.a"; sourceTree = "<group>"; };
		3FC0BDA82C92048300FC5F49 /* libucm.a */ = {isa = PBXFileReference; lastKnownFileType = archive.ar; name = libucm.a; path = "../../lib/mac-m/libucm.a"; sourceTree = "<group>"; };
		3FC0BDA92C92048300FC5F49 /* libpng.a */ = {isa = PBXFileReference; lastKnownFileType = archive.ar; name = libpng.a; path = "../../lib/mac-m/libpng.a"; sourceTree = "<group>"; };
		3FC0BDAA2C92048300FC5F49 /* libpng16.a */ = {isa = PBXFileReference; lastKnownFileType = archive.ar; name = libpng16.a; path = "../../lib/mac-m/libpng16.a"; sourceTree = "<group>"; };
		3FC0BDAB2C92048300FC5F49 /* libjpeg.a */ = {isa = PBXFileReference; lastKnownFileType = archive.ar; name = libjpeg.a; path = "../../lib/mac-m/libjpeg.a"; sourceTree = "<group>"; };
		3FC0BDE82C92807700FC5F49 /* bakerenderer.cpp */ = {isa = PBXFileReference; fileEncoding = 4; lastKnownFileType = sourcecode.cpp.cpp; path = bakerenderer.cpp; sourceTree = "<group>"; };
		3FC0BDE92C92807700FC5F49 /* bakerenderer.h */ = {isa = PBXFileReference; fileEncoding = 4; lastKnownFileType = sourcecode.c.h; path = bakerenderer.h; sourceTree = "<group>"; };
		3FC0BDEA2C92807700FC5F49 /* bsdf.cpp */ = {isa = PBXFileReference; fileEncoding = 4; lastKnownFileType = sourcecode.cpp.cpp; path = bsdf.cpp; sourceTree = "<group>"; };
		3FC0BDEB2C92807700FC5F49 /* bsdf.h */ = {isa = PBXFileReference; fileEncoding = 4; lastKnownFileType = sourcecode.c.h; path = bsdf.h; sourceTree = "<group>"; };
		3FC0BDEC2C92807700FC5F49 /* cubetex.cpp */ = {isa = PBXFileReference; fileEncoding = 4; lastKnownFileType = sourcecode.cpp.cpp; path = cubetex.cpp; sourceTree = "<group>"; };
		3FC0BDED2C92807700FC5F49 /* cubetex.h */ = {isa = PBXFileReference; fileEncoding = 4; lastKnownFileType = sourcecode.c.h; path = cubetex.h; sourceTree = "<group>"; };
		3FC0BDEE2C92807700FC5F49 /* fbxloader.cpp */ = {isa = PBXFileReference; fileEncoding = 4; lastKnownFileType = sourcecode.cpp.cpp; path = fbxloader.cpp; sourceTree = "<group>"; };
		3FC0BDEF2C92807700FC5F49 /* fbxloader.h */ = {isa = PBXFileReference; fileEncoding = 4; lastKnownFileType = sourcecode.c.h; path = fbxloader.h; sourceTree = "<group>"; };
		3FC0BDF02C92807700FC5F49 /* lambert.cpp */ = {isa = PBXFileReference; fileEncoding = 4; lastKnownFileType = sourcecode.cpp.cpp; path = lambert.cpp; sourceTree = "<group>"; };
		3FC0BDF12C92807700FC5F49 /* lambert.h */ = {isa = PBXFileReference; fileEncoding = 4; lastKnownFileType = sourcecode.c.h; path = lambert.h; sourceTree = "<group>"; };
		3FC0BDF22C92807700FC5F49 /* material.cpp */ = {isa = PBXFileReference; fileEncoding = 4; lastKnownFileType = sourcecode.cpp.cpp; path = material.cpp; sourceTree = "<group>"; };
		3FC0BDF32C92807700FC5F49 /* material.h */ = {isa = PBXFileReference; fileEncoding = 4; lastKnownFileType = sourcecode.c.h; path = material.h; sourceTree = "<group>"; };
		3FC0BDF42C92807700FC5F49 /* mesh.cpp */ = {isa = PBXFileReference; fileEncoding = 4; lastKnownFileType = sourcecode.cpp.cpp; path = mesh.cpp; sourceTree = "<group>"; };
		3FC0BDF52C92807700FC5F49 /* mesh.h */ = {isa = PBXFileReference; fileEncoding = 4; lastKnownFileType = sourcecode.c.h; path = mesh.h; sourceTree = "<group>"; };
		3FC0BDF62C92807700FC5F49 /* meshloader.cpp */ = {isa = PBXFileReference; fileEncoding = 4; lastKnownFileType = sourcecode.cpp.cpp; path = meshloader.cpp; sourceTree = "<group>"; };
		3FC0BDF72C92807700FC5F49 /* meshloader.h */ = {isa = PBXFileReference; fileEncoding = 4; lastKnownFileType = sourcecode.c.h; path = meshloader.h; sourceTree = "<group>"; };
		3FC0BDF82C92807700FC5F49 /* objreader.cpp */ = {isa = PBXFileReference; fileEncoding = 4; lastKnownFileType = sourcecode.cpp.cpp; path = objreader.cpp; sourceTree = "<group>"; };
		3FC0BDF92C92807700FC5F49 /* objreader.h */ = {isa = PBXFileReference; fileEncoding = 4; lastKnownFileType = sourcecode.c.h; path = objreader.h; sourceTree = "<group>"; };
		3FC0BDFA2C92807700FC5F49 /* objwriter.cpp */ = {isa = PBXFileReference; fileEncoding = 4; lastKnownFileType = sourcecode.cpp.cpp; path = objwriter.cpp; sourceTree = "<group>"; };
		3FC0BDFB2C92807700FC5F49 /* objwriter.h */ = {isa = PBXFileReference; fileEncoding = 4; lastKnownFileType = sourcecode.c.h; path = objwriter.h; sourceTree = "<group>"; };
		3FC0BDFC2C92807700FC5F49 /* polygons.cpp */ = {isa = PBXFileReference; fileEncoding = 4; lastKnownFileType = sourcecode.cpp.cpp; path = polygons.cpp; sourceTree = "<group>"; };
		3FC0BDFD2C92807700FC5F49 /* polygons.h */ = {isa = PBXFileReference; fileEncoding = 4; lastKnownFileType = sourcecode.c.h; path = polygons.h; sourceTree = "<group>"; };
		3FC0BDFE2C92807700FC5F49 /* raycommon.cpp */ = {isa = PBXFileReference; fileEncoding = 4; lastKnownFileType = sourcecode.cpp.cpp; path = raycommon.cpp; sourceTree = "<group>"; };
		3FC0BDFF2C92807700FC5F49 /* raycommon.h */ = {isa = PBXFileReference; fileEncoding = 4; lastKnownFileType = sourcecode.c.h; path = raycommon.h; sourceTree = "<group>"; };
		3FC0BE002C92807700FC5F49 /* rayrenderer.cpp */ = {isa = PBXFileReference; fileEncoding = 4; lastKnownFileType = sourcecode.cpp.cpp; path = rayrenderer.cpp; sourceTree = "<group>"; };
		3FC0BE012C92807700FC5F49 /* rayrenderer.h */ = {isa = PBXFileReference; fileEncoding = 4; lastKnownFileType = sourcecode.c.h; path = rayrenderer.h; sourceTree = "<group>"; };
		3FC0BE022C92807700FC5F49 /* renderer.cpp */ = {isa = PBXFileReference; fileEncoding = 4; lastKnownFileType = sourcecode.cpp.cpp; path = renderer.cpp; sourceTree = "<group>"; };
		3FC0BE032C92807700FC5F49 /* renderer.h */ = {isa = PBXFileReference; fileEncoding = 4; lastKnownFileType = sourcecode.c.h; path = renderer.h; sourceTree = "<group>"; };
		3FC0BE042C92807700FC5F49 /* scene.cpp */ = {isa = PBXFileReference; fileEncoding = 4; lastKnownFileType = sourcecode.cpp.cpp; path = scene.cpp; sourceTree = "<group>"; };
		3FC0BE052C92807700FC5F49 /* scene.h */ = {isa = PBXFileReference; fileEncoding = 4; lastKnownFileType = sourcecode.c.h; path = scene.h; sourceTree = "<group>"; };
		3FC0BE062C92807700FC5F49 /* sceneloader.cpp */ = {isa = PBXFileReference; fileEncoding = 4; lastKnownFileType = sourcecode.cpp.cpp; path = sceneloader.cpp; sourceTree = "<group>"; };
		3FC0BE072C92807700FC5F49 /* sceneloader.h */ = {isa = PBXFileReference; fileEncoding = 4; lastKnownFileType = sourcecode.c.h; path = sceneloader.h; sourceTree = "<group>"; };
		3FC0BE082C92807700FC5F49 /* texture.cpp */ = {isa = PBXFileReference; fileEncoding = 4; lastKnownFileType = sourcecode.cpp.cpp; path = texture.cpp; sourceTree = "<group>"; };
		3FC0BE092C92807700FC5F49 /* texture.h */ = {isa = PBXFileReference; fileEncoding = 4; lastKnownFileType = sourcecode.c.h; path = texture.h; sourceTree = "<group>"; };
		3FC0BE0B2C92807700FC5F49 /* main.cpp */ = {isa = PBXFileReference; fileEncoding = 4; lastKnownFileType = sourcecode.cpp.cpp; name = main.cpp; path = ../src/main.cpp; sourceTree = "<group>"; };
		3FE0C68D2DB6033B00FDF51C /* cubeRoom.jpg */ = {isa = PBXFileReference; lastKnownFileType = image.jpeg; path = cubeRoom.jpg; sourceTree = "<group>"; };
		3FE0C68E2DB6033B00FDF51C /* cubeRoom.json */ = {isa = PBXFileReference; lastKnownFileType = text.json; path = cubeRoom.json; sourceTree = "<group>"; };
		3FE0C68F2DB6033B00FDF51C /* cubeRoom_ao.jpg */ = {isa = PBXFileReference; lastKnownFileType = image.jpeg; path = cubeRoom_ao.jpg; sourceTree = "<group>"; };
		3FE0C6902DB6033B00FDF51C /* cubeRoom_lambert.jpg */ = {isa = PBXFileReference; lastKnownFileType = image.jpeg; path = cubeRoom_lambert.jpg; sourceTree = "<group>"; };
		3FE0C6912DB6033B00FDF51C /* cubeRoom_lambert_ao.jpg */ = {isa = PBXFileReference; lastKnownFileType = image.jpeg; path = cubeRoom_lambert_ao.jpg; sourceTree = "<group>"; };
		3FE0C6922DB6033B00FDF51C /* cubeRoom_reflection.jpg */ = {isa = PBXFileReference; lastKnownFileType = image.jpeg; path = cubeRoom_reflection.jpg; sourceTree = "<group>"; };
		3FE0C6932DB6033B00FDF51C /* sample.jpg */ = {isa = PBXFileReference; lastKnownFileType = image.jpeg; path = sample.jpg; sourceTree = "<group>"; };
		3FE0C6952DB6033B00FDF51C /* RenderResult2.jpg */ = {isa = PBXFileReference; lastKnownFileType = image.jpeg; path = RenderResult2.jpg; sourceTree = "<group>"; };
		3FE0C6962DB6033B00FDF51C /* sample.jpg */ = {isa = PBXFileReference; lastKnownFileType = image.jpeg; path = sample.jpg; sourceTree = "<group>"; };
		3FE0C6972DB6033B00FDF51C /* scene.json */ = {isa = PBXFileReference; lastKnownFileType = text.json; path = scene.json; sourceTree = "<group>"; };
		3FE0C6982DB6033B00FDF51C /* Sphere.mesh */ = {isa = PBXFileReference; lastKnownFileType = file; path = Sphere.mesh; sourceTree = "<group>"; };
		3FE0C6992DB6033B00FDF51C /* sphereArray.jpg */ = {isa = PBXFileReference; lastKnownFileType = image.jpeg; path = sphereArray.jpg; sourceTree = "<group>"; };
		3FE0C69A2DB6033B00FDF51C /* sphereArray.json */ = {isa = PBXFileReference; lastKnownFileType = text.json; path = sphereArray.json; sourceTree = "<group>"; };
		3FE0C69B2DB6033B00FDF51C /* SphereArray.mesh */ = {isa = PBXFileReference; lastKnownFileType = file; path = SphereArray.mesh; sourceTree = "<group>"; };
		3FE0C69D2DB6033B00FDF51C /* suzanne.jpg */ = {isa = PBXFileReference; lastKnownFileType = image.jpeg; path = suzanne.jpg; sourceTree = "<group>"; };
		3FE0C69E2DB6033B00FDF51C /* suzanne.json */ = {isa = PBXFileReference; lastKnownFileType = text.json; path = suzanne.json; sourceTree = "<group>"; };
		3FE0C69F2DB6033B00FDF51C /* Suzanne.mesh */ = {isa = PBXFileReference; lastKnownFileType = file; path = Suzanne.mesh; sourceTree = "<group>"; };
		3FE0C6A02DB6033B00FDF51C /* Suzanne Amber.jpg */ = {isa = PBXFileReference; lastKnownFileType = image.jpeg; path = "Suzanne Amber.jpg"; sourceTree = "<group>"; };
		3FE0C6A12DB6033B00FDF51C /* Suzanne Glass.jpg */ = {isa = PBXFileReference; lastKnownFileType = image.jpeg; path = "Suzanne Glass.jpg"; sourceTree = "<group>"; };
		3FE0C6A22DB6033B00FDF51C /* Suzanne Jade.jpg */ = {isa = PBXFileReference; lastKnownFileType = image.jpeg; path = "Suzanne Jade.jpg"; sourceTree = "<group>"; };
		3FE0C6A32DB6033B00FDF51C /* Suzanne Texture.jpg */ = {isa = PBXFileReference; lastKnownFileType = image.jpeg; path = "Suzanne Texture.jpg"; sourceTree = "<group>"; };
		3FE0C6A52DB6033B00FDF51C /* scene.jpg */ = {isa = PBXFileReference; lastKnownFileType = image.jpeg; path = scene.jpg; sourceTree = "<group>"; };
		3FE0C6A62DB6033B00FDF51C /* scene.json */ = {isa = PBXFileReference; lastKnownFileType = text.json; path = scene.json; sourceTree = "<group>"; };
		3FE0C6A92DB6036E00FDF51C /* bokeh.json */ = {isa = PBXFileReference; lastKnownFileType = text.json; path = bokeh.json; sourceTree = "<group>"; };
		3FE0C6AA2DB60D7900FDF51C /* bokeh.jpg */ = {isa = PBXFileReference; lastKnownFileType = image.jpeg; path = bokeh.jpg; sourceTree = "<group>"; };
/* End PBXFileReference section */

/* Begin PBXFrameworksBuildPhase section */
		3FC0BD292C9201D700FC5F49 /* Frameworks */ = {
			isa = PBXFrameworksBuildPhase;
			buildActionMask = 2147483647;
			files = (
				3FC0BDAF2C92053F00FC5F49 /* libz.a in Frameworks */,
				3FC0BDA42C9203FE00FC5F49 /* Cocoa.framework in Frameworks */,
				3FC0BDAE2C92053200FC5F49 /* libjpeg.a in Frameworks */,
				3FC0BDAC2C9204A600FC5F49 /* libucm.a in Frameworks */,
				3FC0BDB02C92054B00FC5F49 /* libpng.a in Frameworks */,
			);
			runOnlyForDeploymentPostprocessing = 0;
		};
/* End PBXFrameworksBuildPhase section */

/* Begin PBXGroup section */
		3FBD308E2DB5221400E1F801 /* ugm */ = {
			isa = PBXGroup;
			children = (
				3FBD30722DB5221400E1F801 /* basefun.h */,
				3FBD30732DB5221400E1F801 /* boxtree.h */,
				3FBD30742DB5221400E1F801 /* boxtree.cpp */,
				3FBD30752DB5221400E1F801 /* color.h */,
				3FBD30762DB5221400E1F801 /* color.cpp */,
				3FBD30772DB5221400E1F801 /* functions.h */,
				3FBD30782DB5221400E1F801 /* functions.cpp */,
				3FBD30792DB5221400E1F801 /* image.h */,
				3FBD307A2DB5221400E1F801 /* image.cpp */,
				3FBD307B2DB5221400E1F801 /* imgcodec.h */,
				3FBD307C2DB5221400E1F801 /* imgcodec.cpp */,
				3FBD307D2DB5221400E1F801 /* imgfilter.h */,
				3FBD307E2DB5221400E1F801 /* imgfilter.cpp */,
				3FBD307F2DB5221400E1F801 /* kdtree.h */,
				3FBD30802DB5221400E1F801 /* kdtree.cpp */,
				3FBD30812DB5221400E1F801 /* matrix.h */,
				3FBD30822DB5221400E1F801 /* matrix.cpp */,
				3FBD30832DB5221400E1F801 /* octree.h */,
				3FBD30842DB5221400E1F801 /* octree.cpp */,
				3FBD30852DB5221400E1F801 /* spacetree.h */,
				3FBD30862DB5221400E1F801 /* spacetree.cpp */,
				3FBD30872DB5221400E1F801 /* types2d.h */,
				3FBD30882DB5221400E1F801 /* types2d.cpp */,
				3FBD30892DB5221400E1F801 /* types3d.h */,
				3FBD308A2DB5221400E1F801 /* types3d.cpp */,
				3FBD308B2DB5221400E1F801 /* ugm.h */,
				3FBD308C2DB5221400E1F801 /* vector.h */,
				3FBD308D2DB5221400E1F801 /* vector.cpp */,
			);
			name = ugm;
			path = "/Users/jing/Projects/jingwood/cpp-graphics-module/src/ugm";
			sourceTree = "<absolute>";
		};
		3FC0BD232C9201D700FC5F49 = {
			isa = PBXGroup;
			children = (
				3FE0C6A82DB6033B00FDF51C /* scenes */,
				3FC0BE0B2C92807700FC5F49 /* main.cpp */,
				3FC0BE0A2C92807700FC5F49 /* raygen */,
				3FC0BD2D2C9201D700FC5F49 /* Products */,
				3FC0BDA22C9203FE00FC5F49 /* Frameworks */,
				3FBD308E2DB5221400E1F801 /* ugm */,
			);
			sourceTree = "<group>";
		};
		3FC0BD2D2C9201D700FC5F49 /* Products */ = {
			isa = PBXGroup;
			children = (
				3FC0BD2C2C9201D700FC5F49 /* raygen */,
			);
			name = Products;
			sourceTree = "<group>";
		};
		3FC0BDA22C9203FE00FC5F49 /* Frameworks */ = {
			isa = PBXGroup;
			children = (
				3FC0BDA72C92048300FC5F49 /* libfbxsdk.a */,
				3FC0BDAB2C92048300FC5F49 /* libjpeg.a */,
				3FC0BDA92C92048300FC5F49 /* libpng.a */,
				3FC0BDAA2C92048300FC5F49 /* libpng16.a */,
				3FC0BDA82C92048300FC5F49 /* libucm.a */,
				3FC0BDA52C92048300FC5F49 /* libz.a */,
				3FC0BDA32C9203FE00FC5F49 /* Cocoa.framework */,
			);
			name = Frameworks;
			sourceTree = "<group>";
		};
		3FC0BE0A2C92807700FC5F49 /* raygen */ = {
			isa = PBXGroup;
			children = (
				3FC0BDE82C92807700FC5F49 /* bakerenderer.cpp */,
				3FC0BDE92C92807700FC5F49 /* bakerenderer.h */,
				3FC0BDEA2C92807700FC5F49 /* bsdf.cpp */,
				3FC0BDEB2C92807700FC5F49 /* bsdf.h */,
				3FC0BDEC2C92807700FC5F49 /* cubetex.cpp */,
				3FC0BDED2C92807700FC5F49 /* cubetex.h */,
				3FC0BDEE2C92807700FC5F49 /* fbxloader.cpp */,
				3FC0BDEF2C92807700FC5F49 /* fbxloader.h */,
				3FC0BDF02C92807700FC5F49 /* lambert.cpp */,
				3FC0BDF12C92807700FC5F49 /* lambert.h */,
				3FC0BDF22C92807700FC5F49 /* material.cpp */,
				3FC0BDF32C92807700FC5F49 /* material.h */,
				3FC0BDF42C92807700FC5F49 /* mesh.cpp */,
				3FC0BDF52C92807700FC5F49 /* mesh.h */,
				3FC0BDF62C92807700FC5F49 /* meshloader.cpp */,
				3FC0BDF72C92807700FC5F49 /* meshloader.h */,
				3FC0BDF82C92807700FC5F49 /* objreader.cpp */,
				3FC0BDF92C92807700FC5F49 /* objreader.h */,
				3FC0BDFA2C92807700FC5F49 /* objwriter.cpp */,
				3FC0BDFB2C92807700FC5F49 /* objwriter.h */,
				3FC0BDFC2C92807700FC5F49 /* polygons.cpp */,
				3FC0BDFD2C92807700FC5F49 /* polygons.h */,
				3FC0BDFE2C92807700FC5F49 /* raycommon.cpp */,
				3FC0BDFF2C92807700FC5F49 /* raycommon.h */,
				3FC0BE002C92807700FC5F49 /* rayrenderer.cpp */,
				3FC0BE012C92807700FC5F49 /* rayrenderer.h */,
				3FC0BE022C92807700FC5F49 /* renderer.cpp */,
				3FC0BE032C92807700FC5F49 /* renderer.h */,
				3FC0BE042C92807700FC5F49 /* scene.cpp */,
				3FC0BE052C92807700FC5F49 /* scene.h */,
				3FC0BE062C92807700FC5F49 /* sceneloader.cpp */,
				3FC0BE072C92807700FC5F49 /* sceneloader.h */,
				3FC0BE082C92807700FC5F49 /* texture.cpp */,
				3FC0BE092C92807700FC5F49 /* texture.h */,
			);
			name = raygen;
			path = ../src/raygen;
			sourceTree = "<group>";
		};
		3FE0C6942DB6033B00FDF51C /* cubeRoom */ = {
			isa = PBXGroup;
			children = (
				3FE0C68D2DB6033B00FDF51C /* cubeRoom.jpg */,
				3FE0C68E2DB6033B00FDF51C /* cubeRoom.json */,
				3FE0C68F2DB6033B00FDF51C /* cubeRoom_ao.jpg */,
				3FE0C6902DB6033B00FDF51C /* cubeRoom_lambert.jpg */,
				3FE0C6912DB6033B00FDF51C /* cubeRoom_lambert_ao.jpg */,
				3FE0C6922DB6033B00FDF51C /* cubeRoom_reflection.jpg */,
				3FE0C6932DB6033B00FDF51C /* sample.jpg */,
			);
			path = cubeRoom;
			sourceTree = "<group>";
		};
		3FE0C69C2DB6033B00FDF51C /* sphereArray */ = {
			isa = PBXGroup;
			children = (
				3FE0C6952DB6033B00FDF51C /* RenderResult2.jpg */,
				3FE0C6962DB6033B00FDF51C /* sample.jpg */,
				3FE0C6972DB6033B00FDF51C /* scene.json */,
				3FE0C6982DB6033B00FDF51C /* Sphere.mesh */,
				3FE0C6992DB6033B00FDF51C /* sphereArray.jpg */,
				3FE0C69A2DB6033B00FDF51C /* sphereArray.json */,
				3FE0C69B2DB6033B00FDF51C /* SphereArray.mesh */,
			);
			path = sphereArray;
			sourceTree = "<group>";
		};
		3FE0C6A42DB6033B00FDF51C /* suzanne */ = {
			isa = PBXGroup;
			children = (
				3FE0C69D2DB6033B00FDF51C /* suzanne.jpg */,
				3FE0C69E2DB6033B00FDF51C /* suzanne.json */,
				3FE0C69F2DB6033B00FDF51C /* Suzanne.mesh */,
				3FE0C6A02DB6033B00FDF51C /* Suzanne Amber.jpg */,
				3FE0C6A12DB6033B00FDF51C /* Suzanne Glass.jpg */,
				3FE0C6A22DB6033B00FDF51C /* Suzanne Jade.jpg */,
				3FE0C6A32DB6033B00FDF51C /* Suzanne Texture.jpg */,
			);
			path = suzanne;
			sourceTree = "<group>";
		};
		3FE0C6A72DB6033B00FDF51C /* test */ = {
			isa = PBXGroup;
			children = (
				3FE0C6AA2DB60D7900FDF51C /* bokeh.jpg */,
				3FE0C6A92DB6036E00FDF51C /* bokeh.json */,
				3FE0C6A52DB6033B00FDF51C /* scene.jpg */,
				3FE0C6A62DB6033B00FDF51C /* scene.json */,
			);
			path = test;
			sourceTree = "<group>";
		};
		3FE0C6A82DB6033B00FDF51C /* scenes */ = {
			isa = PBXGroup;
			children = (
				3FE0C6942DB6033B00FDF51C /* cubeRoom */,
				3FE0C69C2DB6033B00FDF51C /* sphereArray */,
				3FE0C6A42DB6033B00FDF51C /* suzanne */,
				3FE0C6A72DB6033B00FDF51C /* test */,
			);
			name = scenes;
			path = ../resources/scenes;
			sourceTree = SOURCE_ROOT;
		};
/* End PBXGroup section */

/* Begin PBXNativeTarget section */
		3FC0BD2B2C9201D700FC5F49 /* raygen */ = {
			isa = PBXNativeTarget;
			buildConfigurationList = 3FC0BD332C9201D700FC5F49 /* Build configuration list for PBXNativeTarget "raygen" */;
			buildPhases = (
				3FC0BD282C9201D700FC5F49 /* Sources */,
				3FC0BD292C9201D700FC5F49 /* Frameworks */,
				3FC0BD2A2C9201D700FC5F49 /* CopyFiles */,
			);
			buildRules = (
			);
			dependencies = (
			);
			name = raygen;
			productName = afgen;
			productReference = 3FC0BD2C2C9201D700FC5F49 /* raygen */;
			productType = "com.apple.product-type.tool";
		};
/* End PBXNativeTarget section */

/* Begin PBXProject section */
		3FC0BD242C9201D700FC5F49 /* Project object */ = {
			isa = PBXProject;
			attributes = {
				BuildIndependentTargetsInParallel = 1;
				LastSwiftUpdateCheck = 1530;
				LastUpgradeCheck = 1630;
				TargetAttributes = {
					3FC0BD2B2C9201D700FC5F49 = {
						CreatedOnToolsVersion = 15.3;
					};
				};
			};
			buildConfigurationList = 3FC0BD272C9201D700FC5F49 /* Build configuration list for PBXProject "raygen" */;
			compatibilityVersion = "Xcode 14.0";
			developmentRegion = en;
			hasScannedForEncodings = 0;
			knownRegions = (
				en,
				Base,
			);
			mainGroup = 3FC0BD232C9201D700FC5F49;
			productRefGroup = 3FC0BD2D2C9201D700FC5F49 /* Products */;
			projectDirPath = "";
			projectRoot = "";
			targets = (
				3FC0BD2B2C9201D700FC5F49 /* raygen */,
			);
		};
/* End PBXProject section */

/* Begin PBXSourcesBuildPhase section */
		3FC0BD282C9201D700FC5F49 /* Sources */ = {
			isa = PBXSourcesBuildPhase;
			buildActionMask = 2147483647;
			files = (
				3FC0BE152C92807700FC5F49 /* objwriter.cpp in Sources */,
				3FC0BE182C92807700FC5F49 /* rayrenderer.cpp in Sources */,
				3FC0BE1D2C92807700FC5F49 /* main.cpp in Sources */,
				3FC0BE112C92807700FC5F49 /* material.cpp in Sources */,
				3FBD308F2DB5221400E1F801 /* imgcodec.cpp in Sources */,
				3FBD30902DB5221400E1F801 /* functions.cpp in Sources */,
				3FBD30912DB5221400E1F801 /* octree.cpp in Sources */,
				3FBD30922DB5221400E1F801 /* color.cpp in Sources */,
				3FBD30932DB5221400E1F801 /* boxtree.cpp in Sources */,
				3FBD30942DB5221400E1F801 /* types3d.cpp in Sources */,
				3FBD30952DB5221400E1F801 /* kdtree.cpp in Sources */,
				3FBD30962DB5221400E1F801 /* matrix.cpp in Sources */,
				3FBD30972DB5221400E1F801 /* types2d.cpp in Sources */,
				3FBD30982DB5221400E1F801 /* spacetree.cpp in Sources */,
				3FBD30992DB5221400E1F801 /* imgfilter.cpp in Sources */,
				3FBD309A2DB5221400E1F801 /* vector.cpp in Sources */,
				3FBD309B2DB5221400E1F801 /* image.cpp in Sources */,
				3FC0BE0D2C92807700FC5F49 /* bsdf.cpp in Sources */,
				3FC0BE0F2C92807700FC5F49 /* fbxloader.cpp in Sources */,
				3FC0BE1B2C92807700FC5F49 /* sceneloader.cpp in Sources */,
				3FC0BE132C92807700FC5F49 /* meshloader.cpp in Sources */,
				3FC0BE102C92807700FC5F49 /* lambert.cpp in Sources */,
				3FC0BE0C2C92807700FC5F49 /* bakerenderer.cpp in Sources */,
				3FC0BE142C92807700FC5F49 /* objreader.cpp in Sources */,
				3FC0BE162C92807700FC5F49 /* polygons.cpp in Sources */,
				3FC0BE1A2C92807700FC5F49 /* scene.cpp in Sources */,
				3FC0BE0E2C92807700FC5F49 /* cubetex.cpp in Sources */,
				3FC0BE1C2C92807700FC5F49 /* texture.cpp in Sources */,
				3FC0BE122C92807700FC5F49 /* mesh.cpp in Sources */,
				3FC0BE192C92807700FC5F49 /* renderer.cpp in Sources */,
				3FC0BE172C92807700FC5F49 /* raycommon.cpp in Sources */,
			);
			runOnlyForDeploymentPostprocessing = 0;
		};
/* End PBXSourcesBuildPhase section */

/* Begin XCBuildConfiguration section */
		3FC0BD312C9201D700FC5F49 /* Debug */ = {
			isa = XCBuildConfiguration;
			buildSettings = {
				ALWAYS_SEARCH_USER_PATHS = NO;
				ASSETCATALOG_COMPILER_GENERATE_SWIFT_ASSET_SYMBOL_EXTENSIONS = YES;
				CLANG_ANALYZER_NONNULL = YES;
				CLANG_ANALYZER_NUMBER_OBJECT_CONVERSION = YES_AGGRESSIVE;
				CLANG_CXX_LANGUAGE_STANDARD = "gnu++20";
				CLANG_ENABLE_MODULES = YES;
				CLANG_ENABLE_OBJC_ARC = YES;
				CLANG_ENABLE_OBJC_WEAK = YES;
				CLANG_WARN_BLOCK_CAPTURE_AUTORELEASING = YES;
				CLANG_WARN_BOOL_CONVERSION = YES;
				CLANG_WARN_COMMA = YES;
				CLANG_WARN_CONSTANT_CONVERSION = YES;
				CLANG_WARN_DEPRECATED_OBJC_IMPLEMENTATIONS = YES;
				CLANG_WARN_DIRECT_OBJC_ISA_USAGE = YES_ERROR;
				CLANG_WARN_DOCUMENTATION_COMMENTS = YES;
				CLANG_WARN_EMPTY_BODY = YES;
				CLANG_WARN_ENUM_CONVERSION = YES;
				CLANG_WARN_INFINITE_RECURSION = YES;
				CLANG_WARN_INT_CONVERSION = YES;
				CLANG_WARN_NON_LITERAL_NULL_CONVERSION = YES;
				CLANG_WARN_OBJC_IMPLICIT_RETAIN_SELF = YES;
				CLANG_WARN_OBJC_LITERAL_CONVERSION = YES;
				CLANG_WARN_OBJC_ROOT_CLASS = YES_ERROR;
				CLANG_WARN_QUOTED_INCLUDE_IN_FRAMEWORK_HEADER = YES;
				CLANG_WARN_RANGE_LOOP_ANALYSIS = YES;
				CLANG_WARN_STRICT_PROTOTYPES = YES;
				CLANG_WARN_SUSPICIOUS_MOVE = YES;
				CLANG_WARN_UNGUARDED_AVAILABILITY = YES_AGGRESSIVE;
				CLANG_WARN_UNREACHABLE_CODE = YES;
				CLANG_WARN__DUPLICATE_METHOD_MATCH = YES;
				COPY_PHASE_STRIP = NO;
				DEAD_CODE_STRIPPING = YES;
				DEBUG_INFORMATION_FORMAT = dwarf;
				ENABLE_STRICT_OBJC_MSGSEND = YES;
				ENABLE_TESTABILITY = YES;
				ENABLE_USER_SCRIPT_SANDBOXING = YES;
				GCC_C_LANGUAGE_STANDARD = gnu17;
				GCC_DYNAMIC_NO_PIC = NO;
				GCC_NO_COMMON_BLOCKS = YES;
				GCC_OPTIMIZATION_LEVEL = 0;
				GCC_PREPROCESSOR_DEFINITIONS = (
					"DEBUG=1",
					"$(inherited)",
				);
				GCC_WARN_64_TO_32_BIT_CONVERSION = YES;
				GCC_WARN_ABOUT_RETURN_TYPE = YES_ERROR;
				GCC_WARN_UNDECLARED_SELECTOR = YES;
				GCC_WARN_UNINITIALIZED_AUTOS = YES_AGGRESSIVE;
				GCC_WARN_UNUSED_FUNCTION = YES;
				GCC_WARN_UNUSED_VARIABLE = YES;
				LOCALIZATION_PREFERS_STRING_CATALOGS = YES;
				MACOSX_DEPLOYMENT_TARGET = 14.4;
				MTL_ENABLE_DEBUG_INFO = INCLUDE_SOURCE;
				MTL_FAST_MATH = YES;
				ONLY_ACTIVE_ARCH = YES;
				SDKROOT = macosx;
				SWIFT_ACTIVE_COMPILATION_CONDITIONS = "DEBUG $(inherited)";
				SWIFT_OPTIMIZATION_LEVEL = "-Onone";
			};
			name = Debug;
		};
		3FC0BD322C9201D700FC5F49 /* Release */ = {
			isa = XCBuildConfiguration;
			buildSettings = {
				ALWAYS_SEARCH_USER_PATHS = NO;
				ASSETCATALOG_COMPILER_GENERATE_SWIFT_ASSET_SYMBOL_EXTENSIONS = YES;
				CLANG_ANALYZER_NONNULL = YES;
				CLANG_ANALYZER_NUMBER_OBJECT_CONVERSION = YES_AGGRESSIVE;
				CLANG_CXX_LANGUAGE_STANDARD = "gnu++20";
				CLANG_ENABLE_MODULES = YES;
				CLANG_ENABLE_OBJC_ARC = YES;
				CLANG_ENABLE_OBJC_WEAK = YES;
				CLANG_WARN_BLOCK_CAPTURE_AUTORELEASING = YES;
				CLANG_WARN_BOOL_CONVERSION = YES;
				CLANG_WARN_COMMA = YES;
				CLANG_WARN_CONSTANT_CONVERSION = YES;
				CLANG_WARN_DEPRECATED_OBJC_IMPLEMENTATIONS = YES;
				CLANG_WARN_DIRECT_OBJC_ISA_USAGE = YES_ERROR;
				CLANG_WARN_DOCUMENTATION_COMMENTS = YES;
				CLANG_WARN_EMPTY_BODY = YES;
				CLANG_WARN_ENUM_CONVERSION = YES;
				CLANG_WARN_INFINITE_RECURSION = YES;
				CLANG_WARN_INT_CONVERSION = YES;
				CLANG_WARN_NON_LITERAL_NULL_CONVERSION = YES;
				CLANG_WARN_OBJC_IMPLICIT_RETAIN_SELF = YES;
				CLANG_WARN_OBJC_LITERAL_CONVERSION = YES;
				CLANG_WARN_OBJC_ROOT_CLASS = YES_ERROR;
				CLANG_WARN_QUOTED_INCLUDE_IN_FRAMEWORK_HEADER = YES;
				CLANG_WARN_RANGE_LOOP_ANALYSIS = YES;
				CLANG_WARN_STRICT_PROTOTYPES = YES;
				CLANG_WARN_SUSPICIOUS_MOVE = YES;
				CLANG_WARN_UNGUARDED_AVAILABILITY = YES_AGGRESSIVE;
				CLANG_WARN_UNREACHABLE_CODE = YES;
				CLANG_WARN__DUPLICATE_METHOD_MATCH = YES;
				COPY_PHASE_STRIP = NO;
				DEAD_CODE_STRIPPING = YES;
				DEBUG_INFORMATION_FORMAT = "dwarf-with-dsym";
				ENABLE_NS_ASSERTIONS = NO;
				ENABLE_STRICT_OBJC_MSGSEND = YES;
				ENABLE_USER_SCRIPT_SANDBOXING = YES;
				GCC_C_LANGUAGE_STANDARD = gnu17;
				GCC_NO_COMMON_BLOCKS = YES;
				GCC_WARN_64_TO_32_BIT_CONVERSION = YES;
				GCC_WARN_ABOUT_RETURN_TYPE = YES_ERROR;
				GCC_WARN_UNDECLARED_SELECTOR = YES;
				GCC_WARN_UNINITIALIZED_AUTOS = YES_AGGRESSIVE;
				GCC_WARN_UNUSED_FUNCTION = YES;
				GCC_WARN_UNUSED_VARIABLE = YES;
				LOCALIZATION_PREFERS_STRING_CATALOGS = YES;
				MACOSX_DEPLOYMENT_TARGET = 14.4;
				MTL_ENABLE_DEBUG_INFO = NO;
				MTL_FAST_MATH = YES;
				SDKROOT = macosx;
				SWIFT_COMPILATION_MODE = wholemodule;
			};
			name = Release;
		};
		3FC0BD342C9201D700FC5F49 /* Debug */ = {
			isa = XCBuildConfiguration;
			buildSettings = {
				CODE_SIGN_STYLE = Automatic;
				DEAD_CODE_STRIPPING = YES;
				DEVELOPMENT_TEAM = "";
				ENABLE_HARDENED_RUNTIME = YES;
				HEADER_SEARCH_PATHS = (
					"$(PROJECT_DIR)/../../cpp-common-class/src/",
					"$(PROJECT_DIR)/../../inc/fbxsdk",
					"$(PROJECT_DIR)/../../cpp-graphics-module/src/",
					"/Users/jing/Projects/jingwood/cpp-graphics-module/inc/jpeg-6b",
					"/Users/jing/Projects/jingwood/cpp-graphics-module/inc/",
				);
				LIBRARY_SEARCH_PATHS = "$(PROJECT_DIR)/../lib/mac-m";
				"PRODUCT_BUNDLE_IDENTIFIER[sdk=macosx*]" = raygen;
				PRODUCT_NAME = "$(TARGET_NAME)";
				SWIFT_VERSION = 5.0;
			};
			name = Debug;
		};
		3FC0BD352C9201D700FC5F49 /* Release */ = {
			isa = XCBuildConfiguration;
			buildSettings = {
				CODE_SIGN_STYLE = Automatic;
				DEAD_CODE_STRIPPING = YES;
				DEVELOPMENT_TEAM = "";
				ENABLE_HARDENED_RUNTIME = YES;
				HEADER_SEARCH_PATHS = (
					"$(PROJECT_DIR)/../../cpp-common-class/src/",
					"$(PROJECT_DIR)/../../inc/fbxsdk",
					"$(PROJECT_DIR)/../../cpp-graphics-module/src/",
					"/Users/jing/Projects/jingwood/cpp-graphics-module/inc/jpeg-6b",
					"/Users/jing/Projects/jingwood/cpp-graphics-module/inc/",
				);
				LIBRARY_SEARCH_PATHS = "$(PROJECT_DIR)/../lib/mac-m";
				"PRODUCT_BUNDLE_IDENTIFIER[sdk=macosx*]" = raygen;
				PRODUCT_NAME = "$(TARGET_NAME)";
				SWIFT_VERSION = 5.0;
			};
			name = Release;
		};
/* End XCBuildConfiguration section */

/* Begin XCConfigurationList section */
		3FC0BD272C9201D700FC5F49 /* Build configuration list for PBXProject "raygen" */ = {
			isa = XCConfigurationList;
			buildConfigurations = (
				3FC0BD312C9201D700FC5F49 /* Debug */,
				3FC0BD322C9201D700FC5F49 /* Release */,
			);
			defaultConfigurationIsVisible = 0;
			defaultConfigurationName = Release;
		};
		3FC0BD332C9201D700FC5F49 /* Build configuration list for PBXNativeTarget "raygen" */ = {
			isa = XCConfigurationList;
			buildConfigurations = (
				3FC0BD342C9201D700FC5F49 /* Debug */,
				3FC0BD352C9201D700FC5F49 /* Release */,
			);
			defaultConfigurationIsVisible = 0;
			defaultConfigurationName = Release;
		};
/* End XCConfigurationList section */
	};
	rootObject = 3FC0BD242C9201D700FC5F49 /* Project object */;
}
